// !$*UTF8*$!
{
	archiveVersion = 1;
	classes = {
	};
	objectVersion = 50;
	objects = {

/* Begin PBXBuildFile section */
		436A2B2725DA57FE0097373F /* AppDelegate.swift in Sources */ = {isa = PBXBuildFile; fileRef = 436A2B2625DA57FE0097373F /* AppDelegate.swift */; };
		436A2B2925DA57FE0097373F /* SceneDelegate.swift in Sources */ = {isa = PBXBuildFile; fileRef = 436A2B2825DA57FE0097373F /* SceneDelegate.swift */; };
		436A2B2B25DA57FE0097373F /* ViewController.swift in Sources */ = {isa = PBXBuildFile; fileRef = 436A2B2A25DA57FE0097373F /* ViewController.swift */; };
		436A2B2E25DA57FE0097373F /* Main.storyboard in Resources */ = {isa = PBXBuildFile; fileRef = 436A2B2C25DA57FE0097373F /* Main.storyboard */; };
		436A2B3025DA58010097373F /* Assets.xcassets in Resources */ = {isa = PBXBuildFile; fileRef = 436A2B2F25DA58010097373F /* Assets.xcassets */; };
		436A2B3325DA58010097373F /* LaunchScreen.storyboard in Resources */ = {isa = PBXBuildFile; fileRef = 436A2B3125DA58010097373F /* LaunchScreen.storyboard */; };
		436A2B3E25DA58030097373F /* Light1Tests.swift in Sources */ = {isa = PBXBuildFile; fileRef = 436A2B3D25DA58030097373F /* Light1Tests.swift */; };
		436A2B4925DA58030097373F /* Light1UITests.swift in Sources */ = {isa = PBXBuildFile; fileRef = 436A2B4825DA58030097373F /* Light1UITests.swift */; };
/* End PBXBuildFile section */

/* Begin PBXContainerItemProxy section */
		436A2B3A25DA58030097373F /* PBXContainerItemProxy */ = {
			isa = PBXContainerItemProxy;
			containerPortal = 436A2B1B25DA57FE0097373F /* Project object */;
			proxyType = 1;
			remoteGlobalIDString = 436A2B2225DA57FE0097373F;
			remoteInfo = Light1;
		};
		436A2B4525DA58030097373F /* PBXContainerItemProxy */ = {
			isa = PBXContainerItemProxy;
			containerPortal = 436A2B1B25DA57FE0097373F /* Project object */;
			proxyType = 1;
			remoteGlobalIDString = 436A2B2225DA57FE0097373F;
			remoteInfo = Light1;
		};
/* End PBXContainerItemProxy section */

/* Begin PBXFileReference section */
		436A2B2325DA57FE0097373F /* Light1.app */ = {isa = PBXFileReference; explicitFileType = wrapper.application; includeInIndex = 0; path = Light1.app; sourceTree = BUILT_PRODUCTS_DIR; };
		436A2B2625DA57FE0097373F /* AppDelegate.swift */ = {isa = PBXFileReference; lastKnownFileType = sourcecode.swift; path = AppDelegate.swift; sourceTree = "<group>"; };
		436A2B2825DA57FE0097373F /* SceneDelegate.swift */ = {isa = PBXFileReference; lastKnownFileType = sourcecode.swift; path = SceneDelegate.swift; sourceTree = "<group>"; };
		436A2B2A25DA57FE0097373F /* ViewController.swift */ = {isa = PBXFileReference; lastKnownFileType = sourcecode.swift; path = ViewController.swift; sourceTree = "<group>"; };
		436A2B2D25DA57FE0097373F /* Base */ = {isa = PBXFileReference; lastKnownFileType = file.storyboard; name = Base; path = Base.lproj/Main.storyboard; sourceTree = "<group>"; };
		436A2B2F25DA58010097373F /* Assets.xcassets */ = {isa = PBXFileReference; lastKnownFileType = folder.assetcatalog; path = Assets.xcassets; sourceTree = "<group>"; };
		436A2B3225DA58010097373F /* Base */ = {isa = PBXFileReference; lastKnownFileType = file.storyboard; name = Base; path = Base.lproj/LaunchScreen.storyboard; sourceTree = "<group>"; };
		436A2B3425DA58010097373F /* Info.plist */ = {isa = PBXFileReference; lastKnownFileType = text.plist.xml; path = Info.plist; sourceTree = "<group>"; };
		436A2B3925DA58030097373F /* Light1Tests.xctest */ = {isa = PBXFileReference; explicitFileType = wrapper.cfbundle; includeInIndex = 0; path = Light1Tests.xctest; sourceTree = BUILT_PRODUCTS_DIR; };
		436A2B3D25DA58030097373F /* Light1Tests.swift */ = {isa = PBXFileReference; lastKnownFileType = sourcecode.swift; path = Light1Tests.swift; sourceTree = "<group>"; };
		436A2B3F25DA58030097373F /* Info.plist */ = {isa = PBXFileReference; lastKnownFileType = text.plist.xml; path = Info.plist; sourceTree = "<group>"; };
		436A2B4425DA58030097373F /* Light1UITests.xctest */ = {isa = PBXFileReference; explicitFileType = wrapper.cfbundle; includeInIndex = 0; path = Light1UITests.xctest; sourceTree = BUILT_PRODUCTS_DIR; };
		436A2B4825DA58030097373F /* Light1UITests.swift */ = {isa = PBXFileReference; lastKnownFileType = sourcecode.swift; path = Light1UITests.swift; sourceTree = "<group>"; };
		436A2B4A25DA58030097373F /* Info.plist */ = {isa = PBXFileReference; lastKnownFileType = text.plist.xml; path = Info.plist; sourceTree = "<group>"; };
/* End PBXFileReference section */

/* Begin PBXFrameworksBuildPhase section */
		436A2B2025DA57FE0097373F /* Frameworks */ = {
			isa = PBXFrameworksBuildPhase;
			buildActionMask = 2147483647;
			files = (
			);
			runOnlyForDeploymentPostprocessing = 0;
		};
		436A2B3625DA58030097373F /* Frameworks */ = {
			isa = PBXFrameworksBuildPhase;
			buildActionMask = 2147483647;
			files = (
			);
			runOnlyForDeploymentPostprocessing = 0;
		};
		436A2B4125DA58030097373F /* Frameworks */ = {
			isa = PBXFrameworksBuildPhase;
			buildActionMask = 2147483647;
			files = (
			);
			runOnlyForDeploymentPostprocessing = 0;
		};
/* End PBXFrameworksBuildPhase section */

/* Begin PBXGroup section */
		436A2B1A25DA57FE0097373F = {
			isa = PBXGroup;
			children = (
				436A2B2525DA57FE0097373F /* Light1 */,
				436A2B3C25DA58030097373F /* Light1Tests */,
				436A2B4725DA58030097373F /* Light1UITests */,
				436A2B2425DA57FE0097373F /* Products */,
			);
			sourceTree = "<group>";
		};
		436A2B2425DA57FE0097373F /* Products */ = {
			isa = PBXGroup;
			children = (
				436A2B2325DA57FE0097373F /* Light1.app */,
				436A2B3925DA58030097373F /* Light1Tests.xctest */,
				436A2B4425DA58030097373F /* Light1UITests.xctest */,
			);
			name = Products;
			sourceTree = "<group>";
		};
		436A2B2525DA57FE0097373F /* Light1 */ = {
			isa = PBXGroup;
			children = (
				436A2B2625DA57FE0097373F /* AppDelegate.swift */,
				436A2B2825DA57FE0097373F /* SceneDelegate.swift */,
				436A2B2A25DA57FE0097373F /* ViewController.swift */,
				436A2B2C25DA57FE0097373F /* Main.storyboard */,
				436A2B2F25DA58010097373F /* Assets.xcassets */,
				436A2B3125DA58010097373F /* LaunchScreen.storyboard */,
				436A2B3425DA58010097373F /* Info.plist */,
			);
			path = Light1;
			sourceTree = "<group>";
		};
		436A2B3C25DA58030097373F /* Light1Tests */ = {
			isa = PBXGroup;
			children = (
				436A2B3D25DA58030097373F /* Light1Tests.swift */,
				436A2B3F25DA58030097373F /* Info.plist */,
			);
			path = Light1Tests;
			sourceTree = "<group>";
		};
		436A2B4725DA58030097373F /* Light1UITests */ = {
			isa = PBXGroup;
			children = (
				436A2B4825DA58030097373F /* Light1UITests.swift */,
				436A2B4A25DA58030097373F /* Info.plist */,
			);
			path = Light1UITests;
			sourceTree = "<group>";
		};
/* End PBXGroup section */

/* Begin PBXNativeTarget section */
		436A2B2225DA57FE0097373F /* Light1 */ = {
			isa = PBXNativeTarget;
			buildConfigurationList = 436A2B4D25DA58030097373F /* Build configuration list for PBXNativeTarget "Light1" */;
			buildPhases = (
				436A2B1F25DA57FE0097373F /* Sources */,
				436A2B2025DA57FE0097373F /* Frameworks */,
				436A2B2125DA57FE0097373F /* Resources */,
			);
			buildRules = (
			);
			dependencies = (
			);
			name = Light1;
			productName = Light1;
			productReference = 436A2B2325DA57FE0097373F /* Light1.app */;
			productType = "com.apple.product-type.application";
		};
		436A2B3825DA58030097373F /* Light1Tests */ = {
			isa = PBXNativeTarget;
			buildConfigurationList = 436A2B5025DA58030097373F /* Build configuration list for PBXNativeTarget "Light1Tests" */;
			buildPhases = (
				436A2B3525DA58030097373F /* Sources */,
				436A2B3625DA58030097373F /* Frameworks */,
				436A2B3725DA58030097373F /* Resources */,
			);
			buildRules = (
			);
			dependencies = (
				436A2B3B25DA58030097373F /* PBXTargetDependency */,
			);
			name = Light1Tests;
			productName = Light1Tests;
			productReference = 436A2B3925DA58030097373F /* Light1Tests.xctest */;
			productType = "com.apple.product-type.bundle.unit-test";
		};
		436A2B4325DA58030097373F /* Light1UITests */ = {
			isa = PBXNativeTarget;
			buildConfigurationList = 436A2B5325DA58030097373F /* Build configuration list for PBXNativeTarget "Light1UITests" */;
			buildPhases = (
				436A2B4025DA58030097373F /* Sources */,
				436A2B4125DA58030097373F /* Frameworks */,
				436A2B4225DA58030097373F /* Resources */,
			);
			buildRules = (
			);
			dependencies = (
				436A2B4625DA58030097373F /* PBXTargetDependency */,
			);
			name = Light1UITests;
			productName = Light1UITests;
			productReference = 436A2B4425DA58030097373F /* Light1UITests.xctest */;
			productType = "com.apple.product-type.bundle.ui-testing";
		};
/* End PBXNativeTarget section */

/* Begin PBXProject section */
		436A2B1B25DA57FE0097373F /* Project object */ = {
			isa = PBXProject;
			attributes = {
				LastSwiftUpdateCheck = 1230;
				LastUpgradeCheck = 1230;
				TargetAttributes = {
					436A2B2225DA57FE0097373F = {
						CreatedOnToolsVersion = 12.3;
					};
					436A2B3825DA58030097373F = {
						CreatedOnToolsVersion = 12.3;
						TestTargetID = 436A2B2225DA57FE0097373F;
					};
					436A2B4325DA58030097373F = {
						CreatedOnToolsVersion = 12.3;
						TestTargetID = 436A2B2225DA57FE0097373F;
					};
				};
			};
			buildConfigurationList = 436A2B1E25DA57FE0097373F /* Build configuration list for PBXProject "Light1" */;
			compatibilityVersion = "Xcode 9.3";
			developmentRegion = en;
			hasScannedForEncodings = 0;
			knownRegions = (
				en,
				Base,
			);
			mainGroup = 436A2B1A25DA57FE0097373F;
			productRefGroup = 436A2B2425DA57FE0097373F /* Products */;
			projectDirPath = "";
			projectRoot = "";
			targets = (
				436A2B2225DA57FE0097373F /* Light1 */,
				436A2B3825DA58030097373F /* Light1Tests */,
				436A2B4325DA58030097373F /* Light1UITests */,
			);
		};
/* End PBXProject section */

/* Begin PBXResourcesBuildPhase section */
		436A2B2125DA57FE0097373F /* Resources */ = {
			isa = PBXResourcesBuildPhase;
			buildActionMask = 2147483647;
			files = (
				436A2B3325DA58010097373F /* LaunchScreen.storyboard in Resources */,
				436A2B3025DA58010097373F /* Assets.xcassets in Resources */,
				436A2B2E25DA57FE0097373F /* Main.storyboard in Resources */,
			);
			runOnlyForDeploymentPostprocessing = 0;
		};
		436A2B3725DA58030097373F /* Resources */ = {
			isa = PBXResourcesBuildPhase;
			buildActionMask = 2147483647;
			files = (
			);
			runOnlyForDeploymentPostprocessing = 0;
		};
		436A2B4225DA58030097373F /* Resources */ = {
			isa = PBXResourcesBuildPhase;
			buildActionMask = 2147483647;
			files = (
			);
			runOnlyForDeploymentPostprocessing = 0;
		};
/* End PBXResourcesBuildPhase section */

/* Begin PBXSourcesBuildPhase section */
		436A2B1F25DA57FE0097373F /* Sources */ = {
			isa = PBXSourcesBuildPhase;
			buildActionMask = 2147483647;
			files = (
				436A2B2B25DA57FE0097373F /* ViewController.swift in Sources */,
				436A2B2725DA57FE0097373F /* AppDelegate.swift in Sources */,
				436A2B2925DA57FE0097373F /* SceneDelegate.swift in Sources */,
			);
			runOnlyForDeploymentPostprocessing = 0;
		};
		436A2B3525DA58030097373F /* Sources */ = {
			isa = PBXSourcesBuildPhase;
			buildActionMask = 2147483647;
			files = (
				436A2B3E25DA58030097373F /* Light1Tests.swift in Sources */,
			);
			runOnlyForDeploymentPostprocessing = 0;
		};
		436A2B4025DA58030097373F /* Sources */ = {
			isa = PBXSourcesBuildPhase;
			buildActionMask = 2147483647;
			files = (
				436A2B4925DA58030097373F /* Light1UITests.swift in Sources */,
			);
			runOnlyForDeploymentPostprocessing = 0;
		};
/* End PBXSourcesBuildPhase section */

/* Begin PBXTargetDependency section */
		436A2B3B25DA58030097373F /* PBXTargetDependency */ = {
			isa = PBXTargetDependency;
			target = 436A2B2225DA57FE0097373F /* Light1 */;
			targetProxy = 436A2B3A25DA58030097373F /* PBXContainerItemProxy */;
		};
		436A2B4625DA58030097373F /* PBXTargetDependency */ = {
			isa = PBXTargetDependency;
			target = 436A2B2225DA57FE0097373F /* Light1 */;
			targetProxy = 436A2B4525DA58030097373F /* PBXContainerItemProxy */;
		};
/* End PBXTargetDependency section */

/* Begin PBXVariantGroup section */
		436A2B2C25DA57FE0097373F /* Main.storyboard */ = {
			isa = PBXVariantGroup;
			children = (
				436A2B2D25DA57FE0097373F /* Base */,
			);
			name = Main.storyboard;
			sourceTree = "<group>";
		};
		436A2B3125DA58010097373F /* LaunchScreen.storyboard */ = {
			isa = PBXVariantGroup;
			children = (
				436A2B3225DA58010097373F /* Base */,
			);
			name = LaunchScreen.storyboard;
			sourceTree = "<group>";
		};
/* End PBXVariantGroup section */

/* Begin XCBuildConfiguration section */
		436A2B4B25DA58030097373F /* Debug */ = {
			isa = XCBuildConfiguration;
			buildSettings = {
				ALWAYS_SEARCH_USER_PATHS = NO;
				CLANG_ANALYZER_NONNULL = YES;
				CLANG_ANALYZER_NUMBER_OBJECT_CONVERSION = YES_AGGRESSIVE;
				CLANG_CXX_LANGUAGE_STANDARD = "gnu++14";
				CLANG_CXX_LIBRARY = "libc++";
				CLANG_ENABLE_MODULES = YES;
				CLANG_ENABLE_OBJC_ARC = YES;
				CLANG_ENABLE_OBJC_WEAK = YES;
				CLANG_WARN_BLOCK_CAPTURE_AUTORELEASING = YES;
				CLANG_WARN_BOOL_CONVERSION = YES;
				CLANG_WARN_COMMA = YES;
				CLANG_WARN_CONSTANT_CONVERSION = YES;
				CLANG_WARN_DEPRECATED_OBJC_IMPLEMENTATIONS = YES;
				CLANG_WARN_DIRECT_OBJC_ISA_USAGE = YES_ERROR;
				CLANG_WARN_DOCUMENTATION_COMMENTS = YES;
				CLANG_WARN_EMPTY_BODY = YES;
				CLANG_WARN_ENUM_CONVERSION = YES;
				CLANG_WARN_INFINITE_RECURSION = YES;
				CLANG_WARN_INT_CONVERSION = YES;
				CLANG_WARN_NON_LITERAL_NULL_CONVERSION = YES;
				CLANG_WARN_OBJC_IMPLICIT_RETAIN_SELF = YES;
				CLANG_WARN_OBJC_LITERAL_CONVERSION = YES;
				CLANG_WARN_OBJC_ROOT_CLASS = YES_ERROR;
				CLANG_WARN_QUOTED_INCLUDE_IN_FRAMEWORK_HEADER = YES;
				CLANG_WARN_RANGE_LOOP_ANALYSIS = YES;
				CLANG_WARN_STRICT_PROTOTYPES = YES;
				CLANG_WARN_SUSPICIOUS_MOVE = YES;
				CLANG_WARN_UNGUARDED_AVAILABILITY = YES_AGGRESSIVE;
				CLANG_WARN_UNREACHABLE_CODE = YES;
				CLANG_WARN__DUPLICATE_METHOD_MATCH = YES;
				COPY_PHASE_STRIP = NO;
				DEBUG_INFORMATION_FORMAT = dwarf;
				ENABLE_STRICT_OBJC_MSGSEND = YES;
				ENABLE_TESTABILITY = YES;
				GCC_C_LANGUAGE_STANDARD = gnu11;
				GCC_DYNAMIC_NO_PIC = NO;
				GCC_NO_COMMON_BLOCKS = YES;
				GCC_OPTIMIZATION_LEVEL = 0;
				GCC_PREPROCESSOR_DEFINITIONS = (
					"DEBUG=1",
					"$(inherited)",
				);
				GCC_WARN_64_TO_32_BIT_CONVERSION = YES;
				GCC_WARN_ABOUT_RETURN_TYPE = YES_ERROR;
				GCC_WARN_UNDECLARED_SELECTOR = YES;
				GCC_WARN_UNINITIALIZED_AUTOS = YES_AGGRESSIVE;
				GCC_WARN_UNUSED_FUNCTION = YES;
				GCC_WARN_UNUSED_VARIABLE = YES;
				IPHONEOS_DEPLOYMENT_TARGET = 14.3;
				MTL_ENABLE_DEBUG_INFO = INCLUDE_SOURCE;
				MTL_FAST_MATH = YES;
				ONLY_ACTIVE_ARCH = YES;
				SDKROOT = iphoneos;
				SWIFT_ACTIVE_COMPILATION_CONDITIONS = DEBUG;
				SWIFT_OPTIMIZATION_LEVEL = "-Onone";
			};
			name = Debug;
		};
		436A2B4C25DA58030097373F /* Release */ = {
			isa = XCBuildConfiguration;
			buildSettings = {
				ALWAYS_SEARCH_USER_PATHS = NO;
				CLANG_ANALYZER_NONNULL = YES;
				CLANG_ANALYZER_NUMBER_OBJECT_CONVERSION = YES_AGGRESSIVE;
				CLANG_CXX_LANGUAGE_STANDARD = "gnu++14";
				CLANG_CXX_LIBRARY = "libc++";
				CLANG_ENABLE_MODULES = YES;
				CLANG_ENABLE_OBJC_ARC = YES;
				CLANG_ENABLE_OBJC_WEAK = YES;
				CLANG_WARN_BLOCK_CAPTURE_AUTORELEASING = YES;
				CLANG_WARN_BOOL_CONVERSION = YES;
				CLANG_WARN_COMMA = YES;
				CLANG_WARN_CONSTANT_CONVERSION = YES;
				CLANG_WARN_DEPRECATED_OBJC_IMPLEMENTATIONS = YES;
				CLANG_WARN_DIRECT_OBJC_ISA_USAGE = YES_ERROR;
				CLANG_WARN_DOCUMENTATION_COMMENTS = YES;
				CLANG_WARN_EMPTY_BODY = YES;
				CLANG_WARN_ENUM_CONVERSION = YES;
				CLANG_WARN_INFINITE_RECURSION = YES;
				CLANG_WARN_INT_CONVERSION = YES;
				CLANG_WARN_NON_LITERAL_NULL_CONVERSION = YES;
				CLANG_WARN_OBJC_IMPLICIT_RETAIN_SELF = YES;
				CLANG_WARN_OBJC_LITERAL_CONVERSION = YES;
				CLANG_WARN_OBJC_ROOT_CLASS = YES_ERROR;
				CLANG_WARN_QUOTED_INCLUDE_IN_FRAMEWORK_HEADER = YES;
				CLANG_WARN_RANGE_LOOP_ANALYSIS = YES;
				CLANG_WARN_STRICT_PROTOTYPES = YES;
				CLANG_WARN_SUSPICIOUS_MOVE = YES;
				CLANG_WARN_UNGUARDED_AVAILABILITY = YES_AGGRESSIVE;
				CLANG_WARN_UNREACHABLE_CODE = YES;
				CLANG_WARN__DUPLICATE_METHOD_MATCH = YES;
				COPY_PHASE_STRIP = NO;
				DEBUG_INFORMATION_FORMAT = "dwarf-with-dsym";
				ENABLE_NS_ASSERTIONS = NO;
				ENABLE_STRICT_OBJC_MSGSEND = YES;
				GCC_C_LANGUAGE_STANDARD = gnu11;
				GCC_NO_COMMON_BLOCKS = YES;
				GCC_WARN_64_TO_32_BIT_CONVERSION = YES;
				GCC_WARN_ABOUT_RETURN_TYPE = YES_ERROR;
				GCC_WARN_UNDECLARED_SELECTOR = YES;
				GCC_WARN_UNINITIALIZED_AUTOS = YES_AGGRESSIVE;
				GCC_WARN_UNUSED_FUNCTION = YES;
				GCC_WARN_UNUSED_VARIABLE = YES;
				IPHONEOS_DEPLOYMENT_TARGET = 14.3;
				MTL_ENABLE_DEBUG_INFO = NO;
				MTL_FAST_MATH = YES;
				SDKROOT = iphoneos;
				SWIFT_COMPILATION_MODE = wholemodule;
				SWIFT_OPTIMIZATION_LEVEL = "-O";
				VALIDATE_PRODUCT = YES;
			};
			name = Release;
		};
		436A2B4E25DA58030097373F /* Debug */ = {
			isa = XCBuildConfiguration;
			buildSettings = {
				ASSETCATALOG_COMPILER_APPICON_NAME = AppIcon;
				ASSETCATALOG_COMPILER_GLOBAL_ACCENT_COLOR_NAME = AccentColor;
				CODE_SIGN_STYLE = Automatic;
				INFOPLIST_FILE = Light1/Info.plist;
				LD_RUNPATH_SEARCH_PATHS = (
					"$(inherited)",
					"@executable_path/Frameworks",
				);
				PRODUCT_BUNDLE_IDENTIFIER = com.example.Light1;
				PRODUCT_NAME = "$(TARGET_NAME)";
				SWIFT_VERSION = 5.0;
				TARGETED_DEVICE_FAMILY = "1,2";
			};
			name = Debug;
		};
		436A2B4F25DA58030097373F /* Release */ = {
			isa = XCBuildConfiguration;
			buildSettings = {
				ASSETCATALOG_COMPILER_APPICON_NAME = AppIcon;
				ASSETCATALOG_COMPILER_GLOBAL_ACCENT_COLOR_NAME = AccentColor;
				CODE_SIGN_STYLE = Automatic;
				INFOPLIST_FILE = Light1/Info.plist;
				LD_RUNPATH_SEARCH_PATHS = (
					"$(inherited)",
					"@executable_path/Frameworks",
				);
				PRODUCT_BUNDLE_IDENTIFIER = com.example.Light1;
				PRODUCT_NAME = "$(TARGET_NAME)";
				SWIFT_VERSION = 5.0;
				TARGETED_DEVICE_FAMILY = "1,2";
			};
			name = Release;
		};
		436A2B5125DA58030097373F /* Debug */ = {
			isa = XCBuildConfiguration;
			buildSettings = {
				ALWAYS_EMBED_SWIFT_STANDARD_LIBRARIES = YES;
				BUNDLE_LOADER = "$(TEST_HOST)";
				CODE_SIGN_STYLE = Automatic;
				INFOPLIST_FILE = Light1Tests/Info.plist;
				IPHONEOS_DEPLOYMENT_TARGET = 14.3;
				LD_RUNPATH_SEARCH_PATHS = (
					"$(inherited)",
					"@executable_path/Frameworks",
					"@loader_path/Frameworks",
				);
				PRODUCT_BUNDLE_IDENTIFIER = com.example.Light1Tests;
				PRODUCT_NAME = "$(TARGET_NAME)";
				SWIFT_VERSION = 5.0;
				TARGETED_DEVICE_FAMILY = "1,2";
				TEST_HOST = "$(BUILT_PRODUCTS_DIR)/Light1.app/Light1";
			};
			name = Debug;
		};
		436A2B5225DA58030097373F /* Release */ = {
			isa = XCBuildConfiguration;
			buildSettings = {
				ALWAYS_EMBED_SWIFT_STANDARD_LIBRARIES = YES;
				BUNDLE_LOADER = "$(TEST_HOST)";
				CODE_SIGN_STYLE = Automatic;
				INFOPLIST_FILE = Light1Tests/Info.plist;
				IPHONEOS_DEPLOYMENT_TARGET = 14.3;
				LD_RUNPATH_SEARCH_PATHS = (
					"$(inherited)",
					"@executable_path/Frameworks",
					"@loader_path/Frameworks",
				);
				PRODUCT_BUNDLE_IDENTIFIER = com.example.Light1Tests;
				PRODUCT_NAME = "$(TARGET_NAME)";
				SWIFT_VERSION = 5.0;
				TARGETED_DEVICE_FAMILY = "1,2";
				TEST_HOST = "$(BUILT_PRODUCTS_DIR)/Light1.app/Light1";
			};
			name = Release;
		};
		436A2B5425DA58030097373F /* Debug */ = {
			isa = XCBuildConfiguration;
			buildSettings = {
				ALWAYS_EMBED_SWIFT_STANDARD_LIBRARIES = YES;
				CODE_SIGN_STYLE = Automatic;
				INFOPLIST_FILE = Light1UITests/Info.plist;
				LD_RUNPATH_SEARCH_PATHS = (
					"$(inherited)",
					"@executable_path/Frameworks",
					"@loader_path/Frameworks",
				);
				PRODUCT_BUNDLE_IDENTIFIER = com.example.Light1UITests;
				PRODUCT_NAME = "$(TARGET_NAME)";
				SWIFT_VERSION = 5.0;
				TARGETED_DEVICE_FAMILY = "1,2";
				TEST_TARGET_NAME = Light1;
			};
			name = Debug;
		};
		436A2B5525DA58030097373F /* Release */ = {
			isa = XCBuildConfiguration;
			buildSettings = {
				ALWAYS_EMBED_SWIFT_STANDARD_LIBRARIES = YES;
				CODE_SIGN_STYLE = Automatic;
				INFOPLIST_FILE = Light1UITests/Info.plist;
				LD_RUNPATH_SEARCH_PATHS = (
					"$(inherited)",
					"@executable_path/Frameworks",
					"@loader_path/Frameworks",
				);
				PRODUCT_BUNDLE_IDENTIFIER = com.example.Light1UITests;
				PRODUCT_NAME = "$(TARGET_NAME)";
				SWIFT_VERSION = 5.0;
				TARGETED_DEVICE_FAMILY = "1,2";
				TEST_TARGET_NAME = Light1;
			};
			name = Release;
		};
/* End XCBuildConfiguration section */

/* Begin XCConfigurationList section */
		436A2B1E25DA57FE0097373F /* Build configuration list for PBXProject "Light1" */ = {
			isa = XCConfigurationList;
			buildConfigurations = (
				436A2B4B25DA58030097373F /* Debug */,
				436A2B4C25DA58030097373F /* Release */,
			);
			defaultConfigurationIsVisible = 0;
			defaultConfigurationName = Release;
		};
		436A2B4D25DA58030097373F /* Build configuration list for PBXNativeTarget "Light1" */ = {
			isa = XCConfigurationList;
			buildConfigurations = (
				436A2B4E25DA58030097373F /* Debug */,
				436A2B4F25DA58030097373F /* Release */,
			);
			defaultConfigurationIsVisible = 0;
			defaultConfigurationName = Release;
		};
		436A2B5025DA58030097373F /* Build configuration list for PBXNativeTarget "Light1Tests" */ = {
			isa = XCConfigurationList;
			buildConfigurations = (
				436A2B5125DA58030097373F /* Debug */,
				436A2B5225DA58030097373F /* Release */,
			);
			defaultConfigurationIsVisible = 0;
			defaultConfigurationName = Release;
		};
		436A2B5325DA58030097373F /* Build configuration list for PBXNativeTarget "Light1UITests" */ = {
			isa = XCConfigurationList;
			buildConfigurations = (
				436A2B5425DA58030097373F /* Debug */,
				436A2B5525DA58030097373F /* Release */,
			);
			defaultConfigurationIsVisible = 0;
			defaultConfigurationName = Release;
		};
/* End XCConfigurationList section */
	};
	rootObject = 436A2B1B25DA57FE0097373F /* Project object */;
}
